
Microsoft Visual Studio Solution File, Format Version 12.00
# Visual Studio Version 17
VisualStudioVersion = 17.2.32516.85
MinimumVisualStudioVersion = 10.0.40219.1
Project("{8BC9CEB8-8B4A-11D0-8D11-00A0C91BC942}") = "Program20_SImpleTextBattle", "Program20_SImpleTextBattle\Program20_SImpleTextBattle.vcxproj", "{EE69B174-B46F-4CD3-A88D-FF38214A0A53}"
EndProject
Global
	GlobalSection(SolutionConfigurationPlatforms) = preSolution
		Debug|x64 = Debug|x64
		Debug|x86 = Debug|x86
		Release|x64 = Release|x64
		Release|x86 = Release|x86
	EndGlobalSection
	GlobalSection(ProjectConfigurationPlatforms) = postSolution
		{EE69B174-B46F-4CD3-A88D-FF38214A0A53}.Debug|x64.ActiveCfg = Debug|x64
		{EE69B174-B46F-4CD3-A88D-FF38214A0A53}.Debug|x64.Build.0 = Debug|x64
		{EE69B174-B46F-4CD3-A88D-FF38214A0A53}.Debug|x86.ActiveCfg = Debug|Win32
		{EE69B174-B46F-4CD3-A88D-FF38214A0A53}.Debug|x86.Build.0 = Debug|Win32
		{EE69B174-B46F-4CD3-A88D-FF38214A0A53}.Release|x64.ActiveCfg = Release|x64
		{EE69B174-B46F-4CD3-A88D-FF38214A0A53}.Release|x64.Build.0 = Release|x64
		{EE69B174-B46F-4CD3-A88D-FF38214A0A53}.Release|x86.ActiveCfg = Release|Win32
		{EE69B174-B46F-4CD3-A88D-FF38214A0A53}.Release|x86.Build.0 = Release|Win32
	EndGlobalSection
	GlobalSection(SolutionProperties) = preSolution
		HideSolutionNode = FALSE
	EndGlobalSection
	GlobalSection(ExtensibilityGlobals) = postSolution
		SolutionGuid = {80DDF784-559F-426A-8ED5-CABAAFBF7C68}
	EndGlobalSection
EndGlobal
